
Microsoft Visual Studio Solution File, Format Version 12.00
# Visual Studio 15
VisualStudioVersion = 15.0.28010.2016
MinimumVisualStudioVersion = 10.0.40219.1
Project("{FAE04EC0-301F-11D3-BF4B-00C04F79EFBC}") = "TestTilLine", "TestTilLine\TestTilLine.csproj", "{10FDC408-8803-462F-9D3D-0FCD78B9C7AB}"
EndProject
Global
	GlobalSection(SolutionConfigurationPlatforms) = preSolution
		Debug|Any CPU = Debug|Any CPU
		Release|Any CPU = Release|Any CPU
	EndGlobalSection
	GlobalSection(ProjectConfigurationPlatforms) = postSolution
		{10FDC408-8803-462F-9D3D-0FCD78B9C7AB}.Debug|Any CPU.ActiveCfg = Debug|Any CPU
		{10FDC408-8803-462F-9D3D-0FCD78B9C7AB}.Debug|Any CPU.Build.0 = Debug|Any CPU
		{10FDC408-8803-462F-9D3D-0FCD78B9C7AB}.Release|Any CPU.ActiveCfg = Release|Any CPU
		{10FDC408-8803-462F-9D3D-0FCD78B9C7AB}.Release|Any CPU.Build.0 = Release|Any CPU
	EndGlobalSection
	GlobalSection(SolutionProperties) = preSolution
		HideSolutionNode = FALSE
	EndGlobalSection
	GlobalSection(ExtensibilityGlobals) = postSolution
		SolutionGuid = {401AD894-F63B-40F5-85DB-B1F47AB042B7}
	EndGlobalSection
EndGlobal
